// !$*UTF8*$!
{
	archiveVersion = 1;
	classes = {
	};
	objectVersion = 46;
	objects = {

/* Begin PBXBuildFile section */
		6E2A830A1E9635D500967F6E /* AppDelegate.swift in Sources */ = {isa = PBXBuildFile; fileRef = 6E2A83091E9635D500967F6E /* AppDelegate.swift */; };
		6E2A830C1E9635D500967F6E /* ViewController.swift in Sources */ = {isa = PBXBuildFile; fileRef = 6E2A830B1E9635D500967F6E /* ViewController.swift */; };
		6E2A830F1E9635D500967F6E /* Main.storyboard in Resources */ = {isa = PBXBuildFile; fileRef = 6E2A830D1E9635D500967F6E /* Main.storyboard */; };
		6E2A83111E9635D500967F6E /* Assets.xcassets in Resources */ = {isa = PBXBuildFile; fileRef = 6E2A83101E9635D500967F6E /* Assets.xcassets */; };
		6E2A83141E9635D500967F6E /* LaunchScreen.storyboard in Resources */ = {isa = PBXBuildFile; fileRef = 6E2A83121E9635D500967F6E /* LaunchScreen.storyboard */; };
		6E2A831F1E9635D600967F6E /* TeamListTests.swift in Sources */ = {isa = PBXBuildFile; fileRef = 6E2A831E1E9635D600967F6E /* TeamListTests.swift */; };
/* End PBXBuildFile section */

/* Begin PBXContainerItemProxy section */
		6E2A831B1E9635D600967F6E /* PBXContainerItemProxy */ = {
			isa = PBXContainerItemProxy;
			containerPortal = 6E2A82FE1E9635D500967F6E /* Project object */;
			proxyType = 1;
			remoteGlobalIDString = 6E2A83051E9635D500967F6E;
			remoteInfo = TeamList;
		};
/* End PBXContainerItemProxy section */

/* Begin PBXFileReference section */
		6E2A83061E9635D500967F6E /* TeamList.app */ = {isa = PBXFileReference; explicitFileType = wrapper.application; includeInIndex = 0; path = TeamList.app; sourceTree = BUILT_PRODUCTS_DIR; };
		6E2A83091E9635D500967F6E /* AppDelegate.swift */ = {isa = PBXFileReference; lastKnownFileType = sourcecode.swift; path = AppDelegate.swift; sourceTree = "<group>"; };
		6E2A830B1E9635D500967F6E /* ViewController.swift */ = {isa = PBXFileReference; lastKnownFileType = sourcecode.swift; path = ViewController.swift; sourceTree = "<group>"; };
		6E2A830E1E9635D500967F6E /* Base */ = {isa = PBXFileReference; lastKnownFileType = file.storyboard; name = Base; path = Base.lproj/Main.storyboard; sourceTree = "<group>"; };
		6E2A83101E9635D500967F6E /* Assets.xcassets */ = {isa = PBXFileReference; lastKnownFileType = folder.assetcatalog; path = Assets.xcassets; sourceTree = "<group>"; };
		6E2A83131E9635D500967F6E /* Base */ = {isa = PBXFileReference; lastKnownFileType = file.storyboard; name = Base; path = Base.lproj/LaunchScreen.storyboard; sourceTree = "<group>"; };
		6E2A83151E9635D500967F6E /* Info.plist */ = {isa = PBXFileReference; lastKnownFileType = text.plist.xml; path = Info.plist; sourceTree = "<group>"; };
		6E2A831A1E9635D600967F6E /* TeamListTests.xctest */ = {isa = PBXFileReference; explicitFileType = wrapper.cfbundle; includeInIndex = 0; path = TeamListTests.xctest; sourceTree = BUILT_PRODUCTS_DIR; };
		6E2A831E1E9635D600967F6E /* TeamListTests.swift */ = {isa = PBXFileReference; lastKnownFileType = sourcecode.swift; path = TeamListTests.swift; sourceTree = "<group>"; };
		6E2A83201E9635D600967F6E /* Info.plist */ = {isa = PBXFileReference; lastKnownFileType = text.plist.xml; path = Info.plist; sourceTree = "<group>"; };
/* End PBXFileReference section */

/* Begin PBXFrameworksBuildPhase section */
		6E2A83031E9635D500967F6E /* Frameworks */ = {
			isa = PBXFrameworksBuildPhase;
			buildActionMask = 2147483647;
			files = (
			);
			runOnlyForDeploymentPostprocessing = 0;
		};
		6E2A83171E9635D600967F6E /* Frameworks */ = {
			isa = PBXFrameworksBuildPhase;
			buildActionMask = 2147483647;
			files = (
			);
			runOnlyForDeploymentPostprocessing = 0;
		};
/* End PBXFrameworksBuildPhase section */

/* Begin PBXGroup section */
		6E2A82FD1E9635D500967F6E = {
			isa = PBXGroup;
			children = (
				6E2A83081E9635D500967F6E /* TeamList */,
				6E2A831D1E9635D600967F6E /* TeamListTests */,
				6E2A83071E9635D500967F6E /* Products */,
			);
			sourceTree = "<group>";
		};
		6E2A83071E9635D500967F6E /* Products */ = {
			isa = PBXGroup;
			children = (
				6E2A83061E9635D500967F6E /* TeamList.app */,
				6E2A831A1E9635D600967F6E /* TeamListTests.xctest */,
			);
			name = Products;
			sourceTree = "<group>";
		};
		6E2A83081E9635D500967F6E /* TeamList */ = {
			isa = PBXGroup;
			children = (
				6E2A83091E9635D500967F6E /* AppDelegate.swift */,
				6E2A830B1E9635D500967F6E /* ViewController.swift */,
				6E2A830D1E9635D500967F6E /* Main.storyboard */,
				6E2A83101E9635D500967F6E /* Assets.xcassets */,
				6E2A83121E9635D500967F6E /* LaunchScreen.storyboard */,
				6E2A83151E9635D500967F6E /* Info.plist */,
			);
			path = TeamList;
			sourceTree = "<group>";
		};
		6E2A831D1E9635D600967F6E /* TeamListTests */ = {
			isa = PBXGroup;
			children = (
				6E2A831E1E9635D600967F6E /* TeamListTests.swift */,
				6E2A83201E9635D600967F6E /* Info.plist */,
			);
			path = TeamListTests;
			sourceTree = "<group>";
		};
/* End PBXGroup section */

/* Begin PBXNativeTarget section */
		6E2A83051E9635D500967F6E /* TeamList */ = {
			isa = PBXNativeTarget;
			buildConfigurationList = 6E2A83231E9635D600967F6E /* Build configuration list for PBXNativeTarget "TeamList" */;
			buildPhases = (
				6E2A83021E9635D500967F6E /* Sources */,
				6E2A83031E9635D500967F6E /* Frameworks */,
				6E2A83041E9635D500967F6E /* Resources */,
			);
			buildRules = (
			);
			dependencies = (
			);
			name = TeamList;
			productName = TeamList;
			productReference = 6E2A83061E9635D500967F6E /* TeamList.app */;
			productType = "com.apple.product-type.application";
		};
		6E2A83191E9635D600967F6E /* TeamListTests */ = {
			isa = PBXNativeTarget;
			buildConfigurationList = 6E2A83261E9635D600967F6E /* Build configuration list for PBXNativeTarget "TeamListTests" */;
			buildPhases = (
				6E2A83161E9635D600967F6E /* Sources */,
				6E2A83171E9635D600967F6E /* Frameworks */,
				6E2A83181E9635D600967F6E /* Resources */,
			);
			buildRules = (
			);
			dependencies = (
				6E2A831C1E9635D600967F6E /* PBXTargetDependency */,
			);
			name = TeamListTests;
			productName = TeamListTests;
			productReference = 6E2A831A1E9635D600967F6E /* TeamListTests.xctest */;
			productType = "com.apple.product-type.bundle.unit-test";
		};
/* End PBXNativeTarget section */

/* Begin PBXProject section */
		6E2A82FE1E9635D500967F6E /* Project object */ = {
			isa = PBXProject;
			attributes = {
				LastSwiftUpdateCheck = 0830;
				LastUpgradeCheck = 0830;
				ORGANIZATIONNAME = "Pawel Urbanek";
				TargetAttributes = {
					6E2A83051E9635D500967F6E = {
						CreatedOnToolsVersion = 8.3;
						DevelopmentTeam = K2TJ3T5LZE;
						ProvisioningStyle = Automatic;
					};
					6E2A83191E9635D600967F6E = {
						CreatedOnToolsVersion = 8.3;
						DevelopmentTeam = K2TJ3T5LZE;
						ProvisioningStyle = Automatic;
						TestTargetID = 6E2A83051E9635D500967F6E;
					};
				};
			};
			buildConfigurationList = 6E2A83011E9635D500967F6E /* Build configuration list for PBXProject "TeamList" */;
			compatibilityVersion = "Xcode 3.2";
			developmentRegion = English;
			hasScannedForEncodings = 0;
			knownRegions = (
				en,
				Base,
			);
			mainGroup = 6E2A82FD1E9635D500967F6E;
			productRefGroup = 6E2A83071E9635D500967F6E /* Products */;
			projectDirPath = "";
			projectRoot = "";
			targets = (
				6E2A83051E9635D500967F6E /* TeamList */,
				6E2A83191E9635D600967F6E /* TeamListTests */,
			);
		};
/* End PBXProject section */

/* Begin PBXResourcesBuildPhase section */
		6E2A83041E9635D500967F6E /* Resources */ = {
			isa = PBXResourcesBuildPhase;
			buildActionMask = 2147483647;
			files = (
				6E2A83141E9635D500967F6E /* LaunchScreen.storyboard in Resources */,
				6E2A83111E9635D500967F6E /* Assets.xcassets in Resources */,
				6E2A830F1E9635D500967F6E /* Main.storyboard in Resources */,
			);
			runOnlyForDeploymentPostprocessing = 0;
		};
		6E2A83181E9635D600967F6E /* Resources */ = {
			isa = PBXResourcesBuildPhase;
			buildActionMask = 2147483647;
			files = (
			);
			runOnlyForDeploymentPostprocessing = 0;
		};
/* End PBXResourcesBuildPhase section */

/* Begin PBXSourcesBuildPhase section */
		6E2A83021E9635D500967F6E /* Sources */ = {
			isa = PBXSourcesBuildPhase;
			buildActionMask = 2147483647;
			files = (
				6E2A830C1E9635D500967F6E /* ViewController.swift in Sources */,
				6E2A830A1E9635D500967F6E /* AppDelegate.swift in Sources */,
			);
			runOnlyForDeploymentPostprocessing = 0;
		};
		6E2A83161E9635D600967F6E /* Sources */ = {
			isa = PBXSourcesBuildPhase;
			buildActionMask = 2147483647;
			files = (
				6E2A831F1E9635D600967F6E /* TeamListTests.swift in Sources */,
			);
			runOnlyForDeploymentPostprocessing = 0;
		};
/* End PBXSourcesBuildPhase section */

/* Begin PBXTargetDependency section */
		6E2A831C1E9635D600967F6E /* PBXTargetDependency */ = {
			isa = PBXTargetDependency;
			target = 6E2A83051E9635D500967F6E /* TeamList */;
			targetProxy = 6E2A831B1E9635D600967F6E /* PBXContainerItemProxy */;
		};
/* End PBXTargetDependency section */

/* Begin PBXVariantGroup section */
		6E2A830D1E9635D500967F6E /* Main.storyboard */ = {
			isa = PBXVariantGroup;
			children = (
				6E2A830E1E9635D500967F6E /* Base */,
			);
			name = Main.storyboard;
			sourceTree = "<group>";
		};
		6E2A83121E9635D500967F6E /* LaunchScreen.storyboard */ = {
			isa = PBXVariantGroup;
			children = (
				6E2A83131E9635D500967F6E /* Base */,
			);
			name = LaunchScreen.storyboard;
			sourceTree = "<group>";
		};
/* End PBXVariantGroup section */

/* Begin XCBuildConfiguration section */
		6E2A83211E9635D600967F6E /* Debug */ = {
			isa = XCBuildConfiguration;
			buildSettings = {
				ALWAYS_SEARCH_USER_PATHS = NO;
				CLANG_ANALYZER_NONNULL = YES;
				CLANG_ANALYZER_NUMBER_OBJECT_CONVERSION = YES_AGGRESSIVE;
				CLANG_CXX_LANGUAGE_STANDARD = "gnu++0x";
				CLANG_CXX_LIBRARY = "libc++";
				CLANG_ENABLE_MODULES = YES;
				CLANG_ENABLE_OBJC_ARC = YES;
				CLANG_WARN_BOOL_CONVERSION = YES;
				CLANG_WARN_CONSTANT_CONVERSION = YES;
				CLANG_WARN_DIRECT_OBJC_ISA_USAGE = YES_ERROR;
				CLANG_WARN_DOCUMENTATION_COMMENTS = YES;
				CLANG_WARN_EMPTY_BODY = YES;
				CLANG_WARN_ENUM_CONVERSION = YES;
				CLANG_WARN_INFINITE_RECURSION = YES;
				CLANG_WARN_INT_CONVERSION = YES;
				CLANG_WARN_OBJC_ROOT_CLASS = YES_ERROR;
				CLANG_WARN_SUSPICIOUS_MOVE = YES;
				CLANG_WARN_UNREACHABLE_CODE = YES;
				CLANG_WARN__DUPLICATE_METHOD_MATCH = YES;
				"CODE_SIGN_IDENTITY[sdk=iphoneos*]" = "iPhone Developer";
				COPY_PHASE_STRIP = NO;
				DEBUG_INFORMATION_FORMAT = dwarf;
				ENABLE_STRICT_OBJC_MSGSEND = YES;
				ENABLE_TESTABILITY = YES;
				GCC_C_LANGUAGE_STANDARD = gnu99;
				GCC_DYNAMIC_NO_PIC = NO;
				GCC_NO_COMMON_BLOCKS = YES;
				GCC_OPTIMIZATION_LEVEL = 0;
				GCC_PREPROCESSOR_DEFINITIONS = (
					"DEBUG=1",
					"$(inherited)",
				);
				GCC_WARN_64_TO_32_BIT_CONVERSION = YES;
				GCC_WARN_ABOUT_RETURN_TYPE = YES_ERROR;
				GCC_WARN_UNDECLARED_SELECTOR = YES;
				GCC_WARN_UNINITIALIZED_AUTOS = YES_AGGRESSIVE;
				GCC_WARN_UNUSED_FUNCTION = YES;
				GCC_WARN_UNUSED_VARIABLE = YES;
				IPHONEOS_DEPLOYMENT_TARGET = 10.3;
				MTL_ENABLE_DEBUG_INFO = YES;
				ONLY_ACTIVE_ARCH = YES;
				SDKROOT = iphoneos;
				SWIFT_ACTIVE_COMPILATION_CONDITIONS = DEBUG;
				SWIFT_OPTIMIZATION_LEVEL = "-Onone";
			};
			name = Debug;
		};
		6E2A83221E9635D600967F6E /* Release */ = {
			isa = XCBuildConfiguration;
			buildSettings = {
				ALWAYS_SEARCH_USER_PATHS = NO;
				CLANG_ANALYZER_NONNULL = YES;
				CLANG_ANALYZER_NUMBER_OBJECT_CONVERSION = YES_AGGRESSIVE;
				CLANG_CXX_LANGUAGE_STANDARD = "gnu++0x";
				CLANG_CXX_LIBRARY = "libc++";
				CLANG_ENABLE_MODULES = YES;
				CLANG_ENABLE_OBJC_ARC = YES;
				CLANG_WARN_BOOL_CONVERSION = YES;
				CLANG_WARN_CONSTANT_CONVERSION = YES;
				CLANG_WARN_DIRECT_OBJC_ISA_USAGE = YES_ERROR;
				CLANG_WARN_DOCUMENTATION_COMMENTS = YES;
				CLANG_WARN_EMPTY_BODY = YES;
				CLANG_WARN_ENUM_CONVERSION = YES;
				CLANG_WARN_INFINITE_RECURSION = YES;
				CLANG_WARN_INT_CONVERSION = YES;
				CLANG_WARN_OBJC_ROOT_CLASS = YES_ERROR;
				CLANG_WARN_SUSPICIOUS_MOVE = YES;
				CLANG_WARN_UNREACHABLE_CODE = YES;
				CLANG_WARN__DUPLICATE_METHOD_MATCH = YES;
				"CODE_SIGN_IDENTITY[sdk=iphoneos*]" = "iPhone Developer";
				COPY_PHASE_STRIP = NO;
				DEBUG_INFORMATION_FORMAT = "dwarf-with-dsym";
				ENABLE_NS_ASSERTIONS = NO;
				ENABLE_STRICT_OBJC_MSGSEND = YES;
				GCC_C_LANGUAGE_STANDARD = gnu99;
				GCC_NO_COMMON_BLOCKS = YES;
				GCC_WARN_64_TO_32_BIT_CONVERSION = YES;
				GCC_WARN_ABOUT_RETURN_TYPE = YES_ERROR;
				GCC_WARN_UNDECLARED_SELECTOR = YES;
				GCC_WARN_UNINITIALIZED_AUTOS = YES_AGGRESSIVE;
				GCC_WARN_UNUSED_FUNCTION = YES;
				GCC_WARN_UNUSED_VARIABLE = YES;
				IPHONEOS_DEPLOYMENT_TARGET = 10.3;
				MTL_ENABLE_DEBUG_INFO = NO;
				SDKROOT = iphoneos;
				SWIFT_OPTIMIZATION_LEVEL = "-Owholemodule";
				VALIDATE_PRODUCT = YES;
			};
			name = Release;
		};
		6E2A83241E9635D600967F6E /* Debug */ = {
			isa = XCBuildConfiguration;
			buildSettings = {
				ASSETCATALOG_COMPILER_APPICON_NAME = AppIcon;
				DEVELOPMENT_TEAM = K2TJ3T5LZE;
				INFOPLIST_FILE = TeamList/Info.plist;
				LD_RUNPATH_SEARCH_PATHS = "$(inherited) @executable_path/Frameworks";
				PRODUCT_BUNDLE_IDENTIFIER = net.pabloweb.TeamList;
				PRODUCT_NAME = "$(TARGET_NAME)";
				SWIFT_VERSION = 3.0;
			};
			name = Debug;
		};
		6E2A83251E9635D600967F6E /* Release */ = {
			isa = XCBuildConfiguration;
			buildSettings = {
				ASSETCATALOG_COMPILER_APPICON_NAME = AppIcon;
				DEVELOPMENT_TEAM = K2TJ3T5LZE;
				INFOPLIST_FILE = TeamList/Info.plist;
				LD_RUNPATH_SEARCH_PATHS = "$(inherited) @executable_path/Frameworks";
				PRODUCT_BUNDLE_IDENTIFIER = net.pabloweb.TeamList;
				PRODUCT_NAME = "$(TARGET_NAME)";
				SWIFT_VERSION = 3.0;
			};
			name = Release;
		};
		6E2A83271E9635D600967F6E /* Debug */ = {
			isa = XCBuildConfiguration;
			buildSettings = {
				ALWAYS_EMBED_SWIFT_STANDARD_LIBRARIES = YES;
				BUNDLE_LOADER = "$(TEST_HOST)";
				DEVELOPMENT_TEAM = K2TJ3T5LZE;
				INFOPLIST_FILE = TeamListTests/Info.plist;
				LD_RUNPATH_SEARCH_PATHS = "$(inherited) @executable_path/Frameworks @loader_path/Frameworks";
				PRODUCT_BUNDLE_IDENTIFIER = net.pabloweb.TeamListTests;
				PRODUCT_NAME = "$(TARGET_NAME)";
				SWIFT_VERSION = 3.0;
				TEST_HOST = "$(BUILT_PRODUCTS_DIR)/TeamList.app/TeamList";
			};
			name = Debug;
		};
		6E2A83281E9635D600967F6E /* Release */ = {
			isa = XCBuildConfiguration;
			buildSettings = {
				ALWAYS_EMBED_SWIFT_STANDARD_LIBRARIES = YES;
				BUNDLE_LOADER = "$(TEST_HOST)";
				DEVELOPMENT_TEAM = K2TJ3T5LZE;
				INFOPLIST_FILE = TeamListTests/Info.plist;
				LD_RUNPATH_SEARCH_PATHS = "$(inherited) @executable_path/Frameworks @loader_path/Frameworks";
				PRODUCT_BUNDLE_IDENTIFIER = net.pabloweb.TeamListTests;
				PRODUCT_NAME = "$(TARGET_NAME)";
				SWIFT_VERSION = 3.0;
				TEST_HOST = "$(BUILT_PRODUCTS_DIR)/TeamList.app/TeamList";
			};
			name = Release;
		};
/* End XCBuildConfiguration section */

/* Begin XCConfigurationList section */
		6E2A83011E9635D500967F6E /* Build configuration list for PBXProject "TeamList" */ = {
			isa = XCConfigurationList;
			buildConfigurations = (
				6E2A83211E9635D600967F6E /* Debug */,
				6E2A83221E9635D600967F6E /* Release */,
			);
			defaultConfigurationIsVisible = 0;
			defaultConfigurationName = Release;
		};
		6E2A83231E9635D600967F6E /* Build configuration list for PBXNativeTarget "TeamList" */ = {
			isa = XCConfigurationList;
			buildConfigurations = (
				6E2A83241E9635D600967F6E /* Debug */,
				6E2A83251E9635D600967F6E /* Release */,
			);
			defaultConfigurationIsVisible = 0;
		};
		6E2A83261E9635D600967F6E /* Build configuration list for PBXNativeTarget "TeamListTests" */ = {
			isa = XCConfigurationList;
			buildConfigurations = (
				6E2A83271E9635D600967F6E /* Debug */,
				6E2A83281E9635D600967F6E /* Release */,
			);
			defaultConfigurationIsVisible = 0;
		};
/* End XCConfigurationList section */
	};
	rootObject = 6E2A82FE1E9635D500967F6E /* Project object */;
}
